# THIS IS AN AUTOGENERATED FILE. DO NOT EDIT THIS FILE DIRECTLY.
# yarn lockfile v1


"@types/node@>=16":
  version "18.0.3"
  resolved "https://registry.yarnpkg.com/@types/node/-/node-18.0.3.tgz#463fc47f13ec0688a33aec75d078a0541a447199"
  integrity sha512-HzNRZtp4eepNitP+BD6k2L6DROIDG4Q0fm4x+dwfsr6LGmROENnok75VGw40628xf+iR24WeMFcHuuBDUAzzsQ==

blakets@^0.1.2:
  version "0.1.11"
  resolved "https://registry.yarnpkg.com/blakets/-/blakets-0.1.11.tgz#ae8bf188a6133e87896ca5c3063e488262446cad"
  integrity sha512-E53VLgrsLzqGU/MbK2OajCTxnhekHv8oNZUteVgfdvMFg4HePJ05hTcuVbLs6sBVDD31tS6kc1hOdxI13WJyKw==

doge-passwd@^0.1.3:
  version "0.1.3"
  resolved "https://registry.yarnpkg.com/doge-passwd/-/doge-passwd-0.1.3.tgz#0156be474daa44a0c4873089eea39d453c6857fc"
  integrity sha512-s83uPuFK6IWIHb5zNFFzFjwyLYvTAam+ocOENYbBKDjZYr+8encwyMYIsREZkC3DdbkBKkgiTiUwcOJ5Ddepiw==
  dependencies:
    blakets "^0.1.2"
